
Microsoft Visual Studio Solution File, Format Version 12.00
# Visual Studio Version 17
VisualStudioVersion = 17.7.34031.279
MinimumVisualStudioVersion = 10.0.40219.1
Project("{FAE04EC0-301F-11D3-BF4B-00C04F79EFBC}") = "CreateOrderByClient", "CreateOrderByClient\CreateOrderByClient.csproj", "{A08CC85B-CB85-47FD-A238-16433AB1CD86}"
EndProject
Global
	GlobalSection(SolutionConfigurationPlatforms) = preSolution
		Debug|Any CPU = Debug|Any CPU
		Release|Any CPU = Release|Any CPU
	EndGlobalSection
	GlobalSection(ProjectConfigurationPlatforms) = postSolution
		{A08CC85B-CB85-47FD-A238-16433AB1CD86}.Debug|Any CPU.ActiveCfg = Debug|Any CPU
		{A08CC85B-CB85-47FD-A238-16433AB1CD86}.Debug|Any CPU.Build.0 = Debug|Any CPU
		{A08CC85B-CB85-47FD-A238-16433AB1CD86}.Release|Any CPU.ActiveCfg = Release|Any CPU
		{A08CC85B-CB85-47FD-A238-16433AB1CD86}.Release|Any CPU.Build.0 = Release|Any CPU
	EndGlobalSection
	GlobalSection(SolutionProperties) = preSolution
		HideSolutionNode = FALSE
	EndGlobalSection
	GlobalSection(ExtensibilityGlobals) = postSolution
		SolutionGuid = {1BB28B54-6A58-4B69-924C-3D1390D87545}
	EndGlobalSection
EndGlobal
