
Microsoft Visual Studio Solution File, Format Version 12.00
# Visual Studio Version 17
VisualStudioVersion = 17.7.34031.279
MinimumVisualStudioVersion = 10.0.40219.1
Project("{FAE04EC0-301F-11D3-BF4B-00C04F79EFBC}") = "TaxCalc", "TaxCalc\TaxCalc.csproj", "{798759DC-85E1-4516-A195-F193087CDAED}"
EndProject
Global
	GlobalSection(SolutionConfigurationPlatforms) = preSolution
		Debug|Any CPU = Debug|Any CPU
		Release|Any CPU = Release|Any CPU
	EndGlobalSection
	GlobalSection(ProjectConfigurationPlatforms) = postSolution
		{798759DC-85E1-4516-A195-F193087CDAED}.Debug|Any CPU.ActiveCfg = Debug|Any CPU
		{798759DC-85E1-4516-A195-F193087CDAED}.Debug|Any CPU.Build.0 = Debug|Any CPU
		{798759DC-85E1-4516-A195-F193087CDAED}.Release|Any CPU.ActiveCfg = Release|Any CPU
		{798759DC-85E1-4516-A195-F193087CDAED}.Release|Any CPU.Build.0 = Release|Any CPU
	EndGlobalSection
	GlobalSection(SolutionProperties) = preSolution
		HideSolutionNode = FALSE
	EndGlobalSection
	GlobalSection(ExtensibilityGlobals) = postSolution
		SolutionGuid = {35A12507-F273-4D5B-8F3A-DBE6A3E7B23F}
	EndGlobalSection
EndGlobal
